// !$*UTF8*$!
{
	archiveVersion = 1;
	classes = {
	};
	objectVersion = 56;
	objects = {

/* Begin PBXBuildFile section */
		9873FC642A8FC5AD005DB226 /* Game.swift in Sources */ = {isa = PBXBuildFile; fileRef = 9873FC632A8FC5AD005DB226 /* Game.swift */; };
		9873FC662A8FC5AD005DB226 /* GameContainer.swift in Sources */ = {isa = PBXBuildFile; fileRef = 9873FC652A8FC5AD005DB226 /* GameContainer.swift */; };
		9873FC682A8FC5AE005DB226 /* Assets.xcassets in Resources */ = {isa = PBXBuildFile; fileRef = 9873FC672A8FC5AE005DB226 /* Assets.xcassets */; };
		9873FC6B2A8FC5AE005DB226 /* Preview Assets.xcassets in Resources */ = {isa = PBXBuildFile; fileRef = 9873FC6A2A8FC5AE005DB226 /* Preview Assets.xcassets */; };
		9873FC742A8FD7EB005DB226 /* GameScene.swift in Sources */ = {isa = PBXBuildFile; fileRef = 9873FC732A8FD7EB005DB226 /* GameScene.swift */; };
		987797922A925FFA00BE90D9 /* GameUI.swift in Sources */ = {isa = PBXBuildFile; fileRef = 987797912A925FFA00BE90D9 /* GameUI.swift */; };
		9877979A2A92698300BE90D9 /* Game.swift in Sources */ = {isa = PBXBuildFile; fileRef = 987797992A92698300BE90D9 /* Game.swift */; };
		9877979C2A92698300BE90D9 /* GameContainer.swift in Sources */ = {isa = PBXBuildFile; fileRef = 9877979B2A92698300BE90D9 /* GameContainer.swift */; };
		9877979E2A92698400BE90D9 /* Assets.xcassets in Resources */ = {isa = PBXBuildFile; fileRef = 9877979D2A92698400BE90D9 /* Assets.xcassets */; };
		987797A12A92698400BE90D9 /* Preview Assets.xcassets in Resources */ = {isa = PBXBuildFile; fileRef = 987797A02A92698400BE90D9 /* Preview Assets.xcassets */; };
		987797A62A9269DD00BE90D9 /* MovementSystem.swift in Sources */ = {isa = PBXBuildFile; fileRef = 987797A52A9269DD00BE90D9 /* MovementSystem.swift */; };
		987797A82A926A0800BE90D9 /* GameUI.swift in Sources */ = {isa = PBXBuildFile; fileRef = 987797A72A926A0800BE90D9 /* GameUI.swift */; };
/* End PBXBuildFile section */

/* Begin PBXFileReference section */
		9873FC602A8FC5AD005DB226 /* JustSpriteKitAndSwiftUI.app */ = {isa = PBXFileReference; explicitFileType = wrapper.application; includeInIndex = 0; path = JustSpriteKitAndSwiftUI.app; sourceTree = BUILT_PRODUCTS_DIR; };
		9873FC632A8FC5AD005DB226 /* Game.swift */ = {isa = PBXFileReference; lastKnownFileType = sourcecode.swift; path = Game.swift; sourceTree = "<group>"; };
		9873FC652A8FC5AD005DB226 /* GameContainer.swift */ = {isa = PBXFileReference; lastKnownFileType = sourcecode.swift; path = GameContainer.swift; sourceTree = "<group>"; };
		9873FC672A8FC5AE005DB226 /* Assets.xcassets */ = {isa = PBXFileReference; lastKnownFileType = folder.assetcatalog; path = Assets.xcassets; sourceTree = "<group>"; };
		9873FC6A2A8FC5AE005DB226 /* Preview Assets.xcassets */ = {isa = PBXFileReference; lastKnownFileType = folder.assetcatalog; path = "Preview Assets.xcassets"; sourceTree = "<group>"; };
		9873FC732A8FD7EB005DB226 /* GameScene.swift */ = {isa = PBXFileReference; lastKnownFileType = sourcecode.swift; path = GameScene.swift; sourceTree = "<group>"; };
		987797912A925FFA00BE90D9 /* GameUI.swift */ = {isa = PBXFileReference; lastKnownFileType = sourcecode.swift; path = GameUI.swift; sourceTree = "<group>"; };
		987797972A92698300BE90D9 /* SpriteKitAsRealityKitBackend.app */ = {isa = PBXFileReference; explicitFileType = wrapper.application; includeInIndex = 0; path = SpriteKitAsRealityKitBackend.app; sourceTree = BUILT_PRODUCTS_DIR; };
		987797992A92698300BE90D9 /* Game.swift */ = {isa = PBXFileReference; lastKnownFileType = sourcecode.swift; path = Game.swift; sourceTree = "<group>"; };
		9877979B2A92698300BE90D9 /* GameContainer.swift */ = {isa = PBXFileReference; lastKnownFileType = sourcecode.swift; path = GameContainer.swift; sourceTree = "<group>"; };
		9877979D2A92698400BE90D9 /* Assets.xcassets */ = {isa = PBXFileReference; lastKnownFileType = folder.assetcatalog; path = Assets.xcassets; sourceTree = "<group>"; };
		987797A02A92698400BE90D9 /* Preview Assets.xcassets */ = {isa = PBXFileReference; lastKnownFileType = folder.assetcatalog; path = "Preview Assets.xcassets"; sourceTree = "<group>"; };
		987797A52A9269DD00BE90D9 /* MovementSystem.swift */ = {isa = PBXFileReference; lastKnownFileType = sourcecode.swift; path = MovementSystem.swift; sourceTree = "<group>"; };
		987797A72A926A0800BE90D9 /* GameUI.swift */ = {isa = PBXFileReference; lastKnownFileType = sourcecode.swift; path = GameUI.swift; sourceTree = "<group>"; };
/* End PBXFileReference section */

/* Begin PBXFrameworksBuildPhase section */
		9873FC5D2A8FC5AD005DB226 /* Frameworks */ = {
			isa = PBXFrameworksBuildPhase;
			buildActionMask = 2147483647;
			files = (
			);
			runOnlyForDeploymentPostprocessing = 0;
		};
		987797942A92698300BE90D9 /* Frameworks */ = {
			isa = PBXFrameworksBuildPhase;
			buildActionMask = 2147483647;
			files = (
			);
			runOnlyForDeploymentPostprocessing = 0;
		};
/* End PBXFrameworksBuildPhase section */

/* Begin PBXGroup section */
		9873FC572A8FC5AD005DB226 = {
			isa = PBXGroup;
			children = (
				9873FC622A8FC5AD005DB226 /* JustSpriteKitAndSwiftUI */,
				987797982A92698300BE90D9 /* SpriteKitAsRealityKitBackend */,
				9873FC612A8FC5AD005DB226 /* Products */,
			);
			sourceTree = "<group>";
		};
		9873FC612A8FC5AD005DB226 /* Products */ = {
			isa = PBXGroup;
			children = (
				9873FC602A8FC5AD005DB226 /* JustSpriteKitAndSwiftUI.app */,
				987797972A92698300BE90D9 /* SpriteKitAsRealityKitBackend.app */,
			);
			name = Products;
			sourceTree = "<group>";
		};
		9873FC622A8FC5AD005DB226 /* JustSpriteKitAndSwiftUI */ = {
			isa = PBXGroup;
			children = (
				9873FC632A8FC5AD005DB226 /* Game.swift */,
				9873FC652A8FC5AD005DB226 /* GameContainer.swift */,
				9873FC732A8FD7EB005DB226 /* GameScene.swift */,
				987797912A925FFA00BE90D9 /* GameUI.swift */,
				9873FC672A8FC5AE005DB226 /* Assets.xcassets */,
				9873FC692A8FC5AE005DB226 /* Preview Content */,
			);
			path = JustSpriteKitAndSwiftUI;
			sourceTree = "<group>";
		};
		9873FC692A8FC5AE005DB226 /* Preview Content */ = {
			isa = PBXGroup;
			children = (
				9873FC6A2A8FC5AE005DB226 /* Preview Assets.xcassets */,
			);
			path = "Preview Content";
			sourceTree = "<group>";
		};
		987797982A92698300BE90D9 /* SpriteKitAsRealityKitBackend */ = {
			isa = PBXGroup;
			children = (
				987797992A92698300BE90D9 /* Game.swift */,
				9877979B2A92698300BE90D9 /* GameContainer.swift */,
				987797A52A9269DD00BE90D9 /* MovementSystem.swift */,
				987797A72A926A0800BE90D9 /* GameUI.swift */,
				9877979D2A92698400BE90D9 /* Assets.xcassets */,
				9877979F2A92698400BE90D9 /* Preview Content */,
			);
			path = SpriteKitAsRealityKitBackend;
			sourceTree = "<group>";
		};
		9877979F2A92698400BE90D9 /* Preview Content */ = {
			isa = PBXGroup;
			children = (
				987797A02A92698400BE90D9 /* Preview Assets.xcassets */,
			);
			path = "Preview Content";
			sourceTree = "<group>";
		};
/* End PBXGroup section */

/* Begin PBXNativeTarget section */
		9873FC5F2A8FC5AD005DB226 /* JustSpriteKitAndSwiftUI */ = {
			isa = PBXNativeTarget;
			buildConfigurationList = 9873FC6E2A8FC5AE005DB226 /* Build configuration list for PBXNativeTarget "JustSpriteKitAndSwiftUI" */;
			buildPhases = (
				9873FC5C2A8FC5AD005DB226 /* Sources */,
				9873FC5D2A8FC5AD005DB226 /* Frameworks */,
				9873FC5E2A8FC5AD005DB226 /* Resources */,
			);
			buildRules = (
			);
			dependencies = (
			);
			name = JustSpriteKitAndSwiftUI;
			productName = JustSpriteKitAndSwiftUI;
			productReference = 9873FC602A8FC5AD005DB226 /* JustSpriteKitAndSwiftUI.app */;
			productType = "com.apple.product-type.application";
		};
		987797962A92698300BE90D9 /* SpriteKitAsRealityKitBackend */ = {
			isa = PBXNativeTarget;
			buildConfigurationList = 987797A22A92698400BE90D9 /* Build configuration list for PBXNativeTarget "SpriteKitAsRealityKitBackend" */;
			buildPhases = (
				987797932A92698300BE90D9 /* Sources */,
				987797942A92698300BE90D9 /* Frameworks */,
				987797952A92698300BE90D9 /* Resources */,
			);
			buildRules = (
			);
			dependencies = (
			);
			name = SpriteKitAsRealityKitBackend;
			productName = SpriteKitAsRealityKitBackend;
			productReference = 987797972A92698300BE90D9 /* SpriteKitAsRealityKitBackend.app */;
			productType = "com.apple.product-type.application";
		};
/* End PBXNativeTarget section */

/* Begin PBXProject section */
		9873FC582A8FC5AD005DB226 /* Project object */ = {
			isa = PBXProject;
			attributes = {
				BuildIndependentTargetsInParallel = 1;
				LastSwiftUpdateCheck = 1430;
				LastUpgradeCheck = 1430;
				TargetAttributes = {
					9873FC5F2A8FC5AD005DB226 = {
						CreatedOnToolsVersion = 14.3.1;
					};
					987797962A92698300BE90D9 = {
						CreatedOnToolsVersion = 14.3.1;
					};
				};
			};
			buildConfigurationList = 9873FC5B2A8FC5AD005DB226 /* Build configuration list for PBXProject "SpriteKitWithSwiftUI" */;
			compatibilityVersion = "Xcode 14.0";
			developmentRegion = en;
			hasScannedForEncodings = 0;
			knownRegions = (
				en,
				Base,
			);
			mainGroup = 9873FC572A8FC5AD005DB226;
			productRefGroup = 9873FC612A8FC5AD005DB226 /* Products */;
			projectDirPath = "";
			projectRoot = "";
			targets = (
				9873FC5F2A8FC5AD005DB226 /* JustSpriteKitAndSwiftUI */,
				987797962A92698300BE90D9 /* SpriteKitAsRealityKitBackend */,
			);
		};
/* End PBXProject section */

/* Begin PBXResourcesBuildPhase section */
		9873FC5E2A8FC5AD005DB226 /* Resources */ = {
			isa = PBXResourcesBuildPhase;
			buildActionMask = 2147483647;
			files = (
				9873FC6B2A8FC5AE005DB226 /* Preview Assets.xcassets in Resources */,
				9873FC682A8FC5AE005DB226 /* Assets.xcassets in Resources */,
			);
			runOnlyForDeploymentPostprocessing = 0;
		};
		987797952A92698300BE90D9 /* Resources */ = {
			isa = PBXResourcesBuildPhase;
			buildActionMask = 2147483647;
			files = (
				987797A12A92698400BE90D9 /* Preview Assets.xcassets in Resources */,
				9877979E2A92698400BE90D9 /* Assets.xcassets in Resources */,
			);
			runOnlyForDeploymentPostprocessing = 0;
		};
/* End PBXResourcesBuildPhase section */

/* Begin PBXSourcesBuildPhase section */
		9873FC5C2A8FC5AD005DB226 /* Sources */ = {
			isa = PBXSourcesBuildPhase;
			buildActionMask = 2147483647;
			files = (
				9873FC662A8FC5AD005DB226 /* GameContainer.swift in Sources */,
				9873FC742A8FD7EB005DB226 /* GameScene.swift in Sources */,
				9873FC642A8FC5AD005DB226 /* Game.swift in Sources */,
				987797922A925FFA00BE90D9 /* GameUI.swift in Sources */,
			);
			runOnlyForDeploymentPostprocessing = 0;
		};
		987797932A92698300BE90D9 /* Sources */ = {
			isa = PBXSourcesBuildPhase;
			buildActionMask = 2147483647;
			files = (
				987797A62A9269DD00BE90D9 /* MovementSystem.swift in Sources */,
				9877979C2A92698300BE90D9 /* GameContainer.swift in Sources */,
				9877979A2A92698300BE90D9 /* Game.swift in Sources */,
				987797A82A926A0800BE90D9 /* GameUI.swift in Sources */,
			);
			runOnlyForDeploymentPostprocessing = 0;
		};
/* End PBXSourcesBuildPhase section */

/* Begin XCBuildConfiguration section */
		9873FC6C2A8FC5AE005DB226 /* Debug */ = {
			isa = XCBuildConfiguration;
			buildSettings = {
				ALWAYS_SEARCH_USER_PATHS = NO;
				CLANG_ANALYZER_NONNULL = YES;
				CLANG_ANALYZER_NUMBER_OBJECT_CONVERSION = YES_AGGRESSIVE;
				CLANG_CXX_LANGUAGE_STANDARD = "gnu++20";
				CLANG_ENABLE_MODULES = YES;
				CLANG_ENABLE_OBJC_ARC = YES;
				CLANG_ENABLE_OBJC_WEAK = YES;
				CLANG_WARN_BLOCK_CAPTURE_AUTORELEASING = YES;
				CLANG_WARN_BOOL_CONVERSION = YES;
				CLANG_WARN_COMMA = YES;
				CLANG_WARN_CONSTANT_CONVERSION = YES;
				CLANG_WARN_DEPRECATED_OBJC_IMPLEMENTATIONS = YES;
				CLANG_WARN_DIRECT_OBJC_ISA_USAGE = YES_ERROR;
				CLANG_WARN_DOCUMENTATION_COMMENTS = YES;
				CLANG_WARN_EMPTY_BODY = YES;
				CLANG_WARN_ENUM_CONVERSION = YES;
				CLANG_WARN_INFINITE_RECURSION = YES;
				CLANG_WARN_INT_CONVERSION = YES;
				CLANG_WARN_NON_LITERAL_NULL_CONVERSION = YES;
				CLANG_WARN_OBJC_IMPLICIT_RETAIN_SELF = YES;
				CLANG_WARN_OBJC_LITERAL_CONVERSION = YES;
				CLANG_WARN_OBJC_ROOT_CLASS = YES_ERROR;
				CLANG_WARN_QUOTED_INCLUDE_IN_FRAMEWORK_HEADER = YES;
				CLANG_WARN_RANGE_LOOP_ANALYSIS = YES;
				CLANG_WARN_STRICT_PROTOTYPES = YES;
				CLANG_WARN_SUSPICIOUS_MOVE = YES;
				CLANG_WARN_UNGUARDED_AVAILABILITY = YES_AGGRESSIVE;
				CLANG_WARN_UNREACHABLE_CODE = YES;
				CLANG_WARN__DUPLICATE_METHOD_MATCH = YES;
				COPY_PHASE_STRIP = NO;
				DEBUG_INFORMATION_FORMAT = dwarf;
				ENABLE_STRICT_OBJC_MSGSEND = YES;
				ENABLE_TESTABILITY = YES;
				GCC_C_LANGUAGE_STANDARD = gnu11;
				GCC_DYNAMIC_NO_PIC = NO;
				GCC_NO_COMMON_BLOCKS = YES;
				GCC_OPTIMIZATION_LEVEL = 0;
				GCC_PREPROCESSOR_DEFINITIONS = (
					"DEBUG=1",
					"$(inherited)",
				);
				GCC_WARN_64_TO_32_BIT_CONVERSION = YES;
				GCC_WARN_ABOUT_RETURN_TYPE = YES_ERROR;
				GCC_WARN_UNDECLARED_SELECTOR = YES;
				GCC_WARN_UNINITIALIZED_AUTOS = YES_AGGRESSIVE;
				GCC_WARN_UNUSED_FUNCTION = YES;
				GCC_WARN_UNUSED_VARIABLE = YES;
				IPHONEOS_DEPLOYMENT_TARGET = 16.4;
				MTL_ENABLE_DEBUG_INFO = INCLUDE_SOURCE;
				MTL_FAST_MATH = YES;
				ONLY_ACTIVE_ARCH = YES;
				SDKROOT = iphoneos;
				SWIFT_ACTIVE_COMPILATION_CONDITIONS = DEBUG;
				SWIFT_OPTIMIZATION_LEVEL = "-Onone";
			};
			name = Debug;
		};
		9873FC6D2A8FC5AE005DB226 /* Release */ = {
			isa = XCBuildConfiguration;
			buildSettings = {
				ALWAYS_SEARCH_USER_PATHS = NO;
				CLANG_ANALYZER_NONNULL = YES;
				CLANG_ANALYZER_NUMBER_OBJECT_CONVERSION = YES_AGGRESSIVE;
				CLANG_CXX_LANGUAGE_STANDARD = "gnu++20";
				CLANG_ENABLE_MODULES = YES;
				CLANG_ENABLE_OBJC_ARC = YES;
				CLANG_ENABLE_OBJC_WEAK = YES;
				CLANG_WARN_BLOCK_CAPTURE_AUTORELEASING = YES;
				CLANG_WARN_BOOL_CONVERSION = YES;
				CLANG_WARN_COMMA = YES;
				CLANG_WARN_CONSTANT_CONVERSION = YES;
				CLANG_WARN_DEPRECATED_OBJC_IMPLEMENTATIONS = YES;
				CLANG_WARN_DIRECT_OBJC_ISA_USAGE = YES_ERROR;
				CLANG_WARN_DOCUMENTATION_COMMENTS = YES;
				CLANG_WARN_EMPTY_BODY = YES;
				CLANG_WARN_ENUM_CONVERSION = YES;
				CLANG_WARN_INFINITE_RECURSION = YES;
				CLANG_WARN_INT_CONVERSION = YES;
				CLANG_WARN_NON_LITERAL_NULL_CONVERSION = YES;
				CLANG_WARN_OBJC_IMPLICIT_RETAIN_SELF = YES;
				CLANG_WARN_OBJC_LITERAL_CONVERSION = YES;
				CLANG_WARN_OBJC_ROOT_CLASS = YES_ERROR;
				CLANG_WARN_QUOTED_INCLUDE_IN_FRAMEWORK_HEADER = YES;
				CLANG_WARN_RANGE_LOOP_ANALYSIS = YES;
				CLANG_WARN_STRICT_PROTOTYPES = YES;
				CLANG_WARN_SUSPICIOUS_MOVE = YES;
				CLANG_WARN_UNGUARDED_AVAILABILITY = YES_AGGRESSIVE;
				CLANG_WARN_UNREACHABLE_CODE = YES;
				CLANG_WARN__DUPLICATE_METHOD_MATCH = YES;
				COPY_PHASE_STRIP = NO;
				DEBUG_INFORMATION_FORMAT = "dwarf-with-dsym";
				ENABLE_NS_ASSERTIONS = NO;
				ENABLE_STRICT_OBJC_MSGSEND = YES;
				GCC_C_LANGUAGE_STANDARD = gnu11;
				GCC_NO_COMMON_BLOCKS = YES;
				GCC_WARN_64_TO_32_BIT_CONVERSION = YES;
				GCC_WARN_ABOUT_RETURN_TYPE = YES_ERROR;
				GCC_WARN_UNDECLARED_SELECTOR = YES;
				GCC_WARN_UNINITIALIZED_AUTOS = YES_AGGRESSIVE;
				GCC_WARN_UNUSED_FUNCTION = YES;
				GCC_WARN_UNUSED_VARIABLE = YES;
				IPHONEOS_DEPLOYMENT_TARGET = 16.4;
				MTL_ENABLE_DEBUG_INFO = NO;
				MTL_FAST_MATH = YES;
				SDKROOT = iphoneos;
				SWIFT_COMPILATION_MODE = wholemodule;
				SWIFT_OPTIMIZATION_LEVEL = "-O";
				VALIDATE_PRODUCT = YES;
			};
			name = Release;
		};
		9873FC6F2A8FC5AE005DB226 /* Debug */ = {
			isa = XCBuildConfiguration;
			buildSettings = {
				ASSETCATALOG_COMPILER_APPICON_NAME = AppIcon;
				ASSETCATALOG_COMPILER_GLOBAL_ACCENT_COLOR_NAME = AccentColor;
				CODE_SIGN_STYLE = Automatic;
				CURRENT_PROJECT_VERSION = 1;
				DEVELOPMENT_ASSET_PATHS = "\"JustSpriteKitAndSwiftUI/Preview Content\"";
				DEVELOPMENT_TEAM = 8ZFFQKC337;
				ENABLE_PREVIEWS = YES;
				GENERATE_INFOPLIST_FILE = YES;
				INFOPLIST_KEY_MetalCaptureEnabled = YES;
				INFOPLIST_KEY_UIApplicationSceneManifest_Generation = YES;
				INFOPLIST_KEY_UIApplicationSupportsIndirectInputEvents = YES;
				INFOPLIST_KEY_UILaunchScreen_Generation = YES;
				INFOPLIST_KEY_UISupportedInterfaceOrientations_iPad = "UIInterfaceOrientationPortrait UIInterfaceOrientationPortraitUpsideDown UIInterfaceOrientationLandscapeLeft UIInterfaceOrientationLandscapeRight";
				INFOPLIST_KEY_UISupportedInterfaceOrientations_iPhone = "UIInterfaceOrientationPortrait UIInterfaceOrientationLandscapeLeft UIInterfaceOrientationLandscapeRight";
				LD_RUNPATH_SEARCH_PATHS = (
					"$(inherited)",
					"@executable_path/Frameworks",
				);
				MARKETING_VERSION = 1.0;
				PRODUCT_BUNDLE_IDENTIFIER = com.pixelfahd.SpriteKitWithSwiftUI;
				PRODUCT_NAME = "$(TARGET_NAME)";
				SWIFT_EMIT_LOC_STRINGS = YES;
				SWIFT_VERSION = 5.0;
				TARGETED_DEVICE_FAMILY = "1,2";
			};
			name = Debug;
		};
		9873FC702A8FC5AE005DB226 /* Release */ = {
			isa = XCBuildConfiguration;
			buildSettings = {
				ASSETCATALOG_COMPILER_APPICON_NAME = AppIcon;
				ASSETCATALOG_COMPILER_GLOBAL_ACCENT_COLOR_NAME = AccentColor;
				CODE_SIGN_STYLE = Automatic;
				CURRENT_PROJECT_VERSION = 1;
				DEVELOPMENT_ASSET_PATHS = "\"JustSpriteKitAndSwiftUI/Preview Content\"";
				DEVELOPMENT_TEAM = 8ZFFQKC337;
				ENABLE_PREVIEWS = YES;
				GENERATE_INFOPLIST_FILE = YES;
				INFOPLIST_KEY_UIApplicationSceneManifest_Generation = YES;
				INFOPLIST_KEY_UIApplicationSupportsIndirectInputEvents = YES;
				INFOPLIST_KEY_UILaunchScreen_Generation = YES;
				INFOPLIST_KEY_UISupportedInterfaceOrientations_iPad = "UIInterfaceOrientationPortrait UIInterfaceOrientationPortraitUpsideDown UIInterfaceOrientationLandscapeLeft UIInterfaceOrientationLandscapeRight";
				INFOPLIST_KEY_UISupportedInterfaceOrientations_iPhone = "UIInterfaceOrientationPortrait UIInterfaceOrientationLandscapeLeft UIInterfaceOrientationLandscapeRight";
				LD_RUNPATH_SEARCH_PATHS = (
					"$(inherited)",
					"@executable_path/Frameworks",
				);
				MARKETING_VERSION = 1.0;
				PRODUCT_BUNDLE_IDENTIFIER = com.pixelfahd.SpriteKitWithSwiftUI;
				PRODUCT_NAME = "$(TARGET_NAME)";
				SWIFT_EMIT_LOC_STRINGS = YES;
				SWIFT_VERSION = 5.0;
				TARGETED_DEVICE_FAMILY = "1,2";
			};
			name = Release;
		};
		987797A32A92698400BE90D9 /* Debug */ = {
			isa = XCBuildConfiguration;
			buildSettings = {
				ASSETCATALOG_COMPILER_APPICON_NAME = AppIcon;
				ASSETCATALOG_COMPILER_GLOBAL_ACCENT_COLOR_NAME = AccentColor;
				CODE_SIGN_STYLE = Automatic;
				CURRENT_PROJECT_VERSION = 1;
				DEVELOPMENT_ASSET_PATHS = "\"SpriteKitAsRealityKitBackend/Preview Content\"";
				DEVELOPMENT_TEAM = 8ZFFQKC337;
				ENABLE_PREVIEWS = YES;
				GENERATE_INFOPLIST_FILE = YES;
				INFOPLIST_KEY_UIApplicationSceneManifest_Generation = YES;
				INFOPLIST_KEY_UIApplicationSupportsIndirectInputEvents = YES;
				INFOPLIST_KEY_UILaunchScreen_Generation = YES;
				INFOPLIST_KEY_UISupportedInterfaceOrientations_iPad = "UIInterfaceOrientationPortrait UIInterfaceOrientationPortraitUpsideDown UIInterfaceOrientationLandscapeLeft UIInterfaceOrientationLandscapeRight";
				INFOPLIST_KEY_UISupportedInterfaceOrientations_iPhone = "UIInterfaceOrientationPortrait UIInterfaceOrientationLandscapeLeft UIInterfaceOrientationLandscapeRight";
				LD_RUNPATH_SEARCH_PATHS = (
					"$(inherited)",
					"@executable_path/Frameworks",
				);
				MARKETING_VERSION = 1.0;
				PRODUCT_BUNDLE_IDENTIFIER = com.pixelfahd.SpriteKitWithSwiftUI;
				PRODUCT_NAME = "$(TARGET_NAME)";
				SWIFT_EMIT_LOC_STRINGS = YES;
				SWIFT_VERSION = 5.0;
				TARGETED_DEVICE_FAMILY = "1,2";
			};
			name = Debug;
		};
		987797A42A92698400BE90D9 /* Release */ = {
			isa = XCBuildConfiguration;
			buildSettings = {
				ASSETCATALOG_COMPILER_APPICON_NAME = AppIcon;
				ASSETCATALOG_COMPILER_GLOBAL_ACCENT_COLOR_NAME = AccentColor;
				CODE_SIGN_STYLE = Automatic;
				CURRENT_PROJECT_VERSION = 1;
				DEVELOPMENT_ASSET_PATHS = "\"SpriteKitAsRealityKitBackend/Preview Content\"";
				DEVELOPMENT_TEAM = 8ZFFQKC337;
				ENABLE_PREVIEWS = YES;
				GENERATE_INFOPLIST_FILE = YES;
				INFOPLIST_KEY_UIApplicationSceneManifest_Generation = YES;
				INFOPLIST_KEY_UIApplicationSupportsIndirectInputEvents = YES;
				INFOPLIST_KEY_UILaunchScreen_Generation = YES;
				INFOPLIST_KEY_UISupportedInterfaceOrientations_iPad = "UIInterfaceOrientationPortrait UIInterfaceOrientationPortraitUpsideDown UIInterfaceOrientationLandscapeLeft UIInterfaceOrientationLandscapeRight";
				INFOPLIST_KEY_UISupportedInterfaceOrientations_iPhone = "UIInterfaceOrientationPortrait UIInterfaceOrientationLandscapeLeft UIInterfaceOrientationLandscapeRight";
				LD_RUNPATH_SEARCH_PATHS = (
					"$(inherited)",
					"@executable_path/Frameworks",
				);
				MARKETING_VERSION = 1.0;
				PRODUCT_BUNDLE_IDENTIFIER = com.pixelfahd.SpriteKitWithSwiftUI;
				PRODUCT_NAME = "$(TARGET_NAME)";
				SWIFT_EMIT_LOC_STRINGS = YES;
				SWIFT_VERSION = 5.0;
				TARGETED_DEVICE_FAMILY = "1,2";
			};
			name = Release;
		};
/* End XCBuildConfiguration section */

/* Begin XCConfigurationList section */
		9873FC5B2A8FC5AD005DB226 /* Build configuration list for PBXProject "SpriteKitWithSwiftUI" */ = {
			isa = XCConfigurationList;
			buildConfigurations = (
				9873FC6C2A8FC5AE005DB226 /* Debug */,
				9873FC6D2A8FC5AE005DB226 /* Release */,
			);
			defaultConfigurationIsVisible = 0;
			defaultConfigurationName = Release;
		};
		9873FC6E2A8FC5AE005DB226 /* Build configuration list for PBXNativeTarget "JustSpriteKitAndSwiftUI" */ = {
			isa = XCConfigurationList;
			buildConfigurations = (
				9873FC6F2A8FC5AE005DB226 /* Debug */,
				9873FC702A8FC5AE005DB226 /* Release */,
			);
			defaultConfigurationIsVisible = 0;
			defaultConfigurationName = Release;
		};
		987797A22A92698400BE90D9 /* Build configuration list for PBXNativeTarget "SpriteKitAsRealityKitBackend" */ = {
			isa = XCConfigurationList;
			buildConfigurations = (
				987797A32A92698400BE90D9 /* Debug */,
				987797A42A92698400BE90D9 /* Release */,
			);
			defaultConfigurationIsVisible = 0;
			defaultConfigurationName = Release;
		};
/* End XCConfigurationList section */
	};
	rootObject = 9873FC582A8FC5AD005DB226 /* Project object */;
}
